
Microsoft Visual Studio Solution File, Format Version 12.00
# Visual Studio Version 17
VisualStudioVersion = 17.5.33627.172
MinimumVisualStudioVersion = 10.0.40219.1
Project("{9A19103F-16F7-4668-BE54-9A1E7A4F7556}") = "MechanicsConsole", "MechanicsConsole\MechanicsConsole.csproj", "{95AB120A-6FC0-4612-A246-0C38821CAB3E}"
EndProject
Project("{9A19103F-16F7-4668-BE54-9A1E7A4F7556}") = "MechanicsCore", "MechanicsCore\MechanicsCore.csproj", "{D79BEB8D-11EB-4552-940B-98019F06DC07}"
EndProject
Project("{9A19103F-16F7-4668-BE54-9A1E7A4F7556}") = "MechanicsUI", "MechanicsUI\MechanicsUI.csproj", "{94BDCE5A-C8FE-4E5D-9070-283DFE61A04D}"
EndProject
Project("{9A19103F-16F7-4668-BE54-9A1E7A4F7556}") = "GuiByReflection.ViewModels", "GuiByReflection.ViewModels\GuiByReflection.ViewModels.csproj", "{F45A4104-3079-451E-B815-2C2313E9F690}"
EndProject
Project("{9A19103F-16F7-4668-BE54-9A1E7A4F7556}") = "GuiByReflection.Views", "GuiByReflection.Views\GuiByReflection.Views.csproj", "{9398A7C2-473C-468F-88EB-8BF483F9D8E0}"
EndProject
Project("{FAE04EC0-301F-11D3-BF4B-00C04F79EFBC}") = "GuiByReflection.Models", "GuiByReflection.Models\GuiByReflection.Models.csproj", "{984FC228-5563-42BF-93AC-32376F46BCBB}"
EndProject
Global
	GlobalSection(SolutionConfigurationPlatforms) = preSolution
		Debug|Any CPU = Debug|Any CPU
		Release|Any CPU = Release|Any CPU
	EndGlobalSection
	GlobalSection(ProjectConfigurationPlatforms) = postSolution
		{95AB120A-6FC0-4612-A246-0C38821CAB3E}.Debug|Any CPU.ActiveCfg = Debug|Any CPU
		{95AB120A-6FC0-4612-A246-0C38821CAB3E}.Debug|Any CPU.Build.0 = Debug|Any CPU
		{95AB120A-6FC0-4612-A246-0C38821CAB3E}.Release|Any CPU.ActiveCfg = Release|Any CPU
		{95AB120A-6FC0-4612-A246-0C38821CAB3E}.Release|Any CPU.Build.0 = Release|Any CPU
		{D79BEB8D-11EB-4552-940B-98019F06DC07}.Debug|Any CPU.ActiveCfg = Debug|Any CPU
		{D79BEB8D-11EB-4552-940B-98019F06DC07}.Debug|Any CPU.Build.0 = Debug|Any CPU
		{D79BEB8D-11EB-4552-940B-98019F06DC07}.Release|Any CPU.ActiveCfg = Release|Any CPU
		{D79BEB8D-11EB-4552-940B-98019F06DC07}.Release|Any CPU.Build.0 = Release|Any CPU
		{94BDCE5A-C8FE-4E5D-9070-283DFE61A04D}.Debug|Any CPU.ActiveCfg = Debug|Any CPU
		{94BDCE5A-C8FE-4E5D-9070-283DFE61A04D}.Debug|Any CPU.Build.0 = Debug|Any CPU
		{94BDCE5A-C8FE-4E5D-9070-283DFE61A04D}.Release|Any CPU.ActiveCfg = Release|Any CPU
		{94BDCE5A-C8FE-4E5D-9070-283DFE61A04D}.Release|Any CPU.Build.0 = Release|Any CPU
		{F45A4104-3079-451E-B815-2C2313E9F690}.Debug|Any CPU.ActiveCfg = Debug|Any CPU
		{F45A4104-3079-451E-B815-2C2313E9F690}.Debug|Any CPU.Build.0 = Debug|Any CPU
		{F45A4104-3079-451E-B815-2C2313E9F690}.Release|Any CPU.ActiveCfg = Release|Any CPU
		{F45A4104-3079-451E-B815-2C2313E9F690}.Release|Any CPU.Build.0 = Release|Any CPU
		{9398A7C2-473C-468F-88EB-8BF483F9D8E0}.Debug|Any CPU.ActiveCfg = Debug|Any CPU
		{9398A7C2-473C-468F-88EB-8BF483F9D8E0}.Debug|Any CPU.Build.0 = Debug|Any CPU
		{9398A7C2-473C-468F-88EB-8BF483F9D8E0}.Release|Any CPU.ActiveCfg = Release|Any CPU
		{9398A7C2-473C-468F-88EB-8BF483F9D8E0}.Release|Any CPU.Build.0 = Release|Any CPU
		{984FC228-5563-42BF-93AC-32376F46BCBB}.Debug|Any CPU.ActiveCfg = Debug|Any CPU
		{984FC228-5563-42BF-93AC-32376F46BCBB}.Debug|Any CPU.Build.0 = Debug|Any CPU
		{984FC228-5563-42BF-93AC-32376F46BCBB}.Release|Any CPU.ActiveCfg = Release|Any CPU
		{984FC228-5563-42BF-93AC-32376F46BCBB}.Release|Any CPU.Build.0 = Release|Any CPU
	EndGlobalSection
	GlobalSection(SolutionProperties) = preSolution
		HideSolutionNode = FALSE
	EndGlobalSection
	GlobalSection(ExtensibilityGlobals) = postSolution
		SolutionGuid = {FA19A534-546E-4A5D-981D-EF1B0EFCD167}
	EndGlobalSection
EndGlobal
